
Microsoft Visual Studio Solution File, Format Version 12.00
# Visual Studio Version 17
VisualStudioVersion = 17.2.32630.192
MinimumVisualStudioVersion = 10.0.40219.1
Project("{FAE04EC0-301F-11D3-BF4B-00C04F79EFBC}") = "Server", "Greeter\Server.csproj", "{52382DE6-072E-41EA-8ED5-4C072CF1FDD0}"
EndProject
Project("{FAE04EC0-301F-11D3-BF4B-00C04F79EFBC}") = "Client", "Client\Client.csproj", "{6F877FBA-2DB7-407F-A2AA-2BF1D55262BD}"
EndProject
Global
	GlobalSection(SolutionConfigurationPlatforms) = preSolution
		Debug|Any CPU = Debug|Any CPU
		Release|Any CPU = Release|Any CPU
	EndGlobalSection
	GlobalSection(ProjectConfigurationPlatforms) = postSolution
		{52382DE6-072E-41EA-8ED5-4C072CF1FDD0}.Debug|Any CPU.ActiveCfg = Debug|Any CPU
		{52382DE6-072E-41EA-8ED5-4C072CF1FDD0}.Debug|Any CPU.Build.0 = Debug|Any CPU
		{52382DE6-072E-41EA-8ED5-4C072CF1FDD0}.Release|Any CPU.ActiveCfg = Release|Any CPU
		{52382DE6-072E-41EA-8ED5-4C072CF1FDD0}.Release|Any CPU.Build.0 = Release|Any CPU
		{6F877FBA-2DB7-407F-A2AA-2BF1D55262BD}.Debug|Any CPU.ActiveCfg = Debug|Any CPU
		{6F877FBA-2DB7-407F-A2AA-2BF1D55262BD}.Debug|Any CPU.Build.0 = Debug|Any CPU
		{6F877FBA-2DB7-407F-A2AA-2BF1D55262BD}.Release|Any CPU.ActiveCfg = Release|Any CPU
		{6F877FBA-2DB7-407F-A2AA-2BF1D55262BD}.Release|Any CPU.Build.0 = Release|Any CPU
	EndGlobalSection
	GlobalSection(SolutionProperties) = preSolution
		HideSolutionNode = FALSE
	EndGlobalSection
	GlobalSection(ExtensibilityGlobals) = postSolution
		SolutionGuid = {C1674859-318E-4059-8858-043B28EC2480}
	EndGlobalSection
EndGlobal
